// !$*UTF8*$!
{
	archiveVersion = 1;
	classes = {
	};
	objectVersion = 56;
	objects = {

/* Begin PBXBuildFile section */
		1C0412D62B29813D00FE5CED /* mono2.m4a in Resources */ = {isa = PBXBuildFile; fileRef = 1C0412D52B29813D00FE5CED /* mono2.m4a */; };
		1C0412D82B29814500FE5CED /* stereo2.m4a in Resources */ = {isa = PBXBuildFile; fileRef = 1C0412D72B29814500FE5CED /* stereo2.m4a */; };
		1C0412DC2B29BC5F00FE5CED /* image.jpeg in Resources */ = {isa = PBXBuildFile; fileRef = 1C0412DB2B29BC5F00FE5CED /* image.jpeg */; };
		1C1C909B2B30379100CB7622 /* Export.swift in Sources */ = {isa = PBXBuildFile; fileRef = 1C1C909A2B30379100CB7622 /* Export.swift */; };
		1C1C909D2B304C1D00CB7622 /* TestView.swift in Sources */ = {isa = PBXBuildFile; fileRef = 1C1C909C2B304C1D00CB7622 /* TestView.swift */; };
		1C221FA02B0C9078007526DB /* VideoCodecApp.swift in Sources */ = {isa = PBXBuildFile; fileRef = 1C221F9F2B0C9078007526DB /* VideoCodecApp.swift */; };
		1C221FA22B0C9078007526DB /* ContentView.swift in Sources */ = {isa = PBXBuildFile; fileRef = 1C221FA12B0C9078007526DB /* ContentView.swift */; };
		1C221FA42B0C9079007526DB /* Assets.xcassets in Resources */ = {isa = PBXBuildFile; fileRef = 1C221FA32B0C9079007526DB /* Assets.xcassets */; };
		1C221FA72B0C9079007526DB /* Preview Assets.xcassets in Resources */ = {isa = PBXBuildFile; fileRef = 1C221FA62B0C9079007526DB /* Preview Assets.xcassets */; };
		1C221FAE2B0C918E007526DB /* Codec.swift in Sources */ = {isa = PBXBuildFile; fileRef = 1C221FAD2B0C918E007526DB /* Codec.swift */; };
		1C233C1D2B25EC2000EDEA55 /* audio2.m4a in Resources */ = {isa = PBXBuildFile; fileRef = 1C233C1C2B25EC2000EDEA55 /* audio2.m4a */; };
		1C346ECF2B31A14800FDFCAC /* video.mp4 in Resources */ = {isa = PBXBuildFile; fileRef = 1C346ECE2B31A14800FDFCAC /* video.mp4 */; };
		1C46B7C72B345FF100447C56 /* test.MOV in Resources */ = {isa = PBXBuildFile; fileRef = 1C46B7C62B345FF100447C56 /* test.MOV */; };
		1C46B7C92B3463D000447C56 /* test2.MOV in Resources */ = {isa = PBXBuildFile; fileRef = 1C46B7C82B3463D000447C56 /* test2.MOV */; };
		1C88B6C52B26E88100EC34EC /* audio3.m4a in Resources */ = {isa = PBXBuildFile; fileRef = 1C88B6C42B26E88100EC34EC /* audio3.m4a */; };
		1C88B6C82B26EC3D00EC34EC /* audio4.m4a in Resources */ = {isa = PBXBuildFile; fileRef = 1C88B6C72B26EC3D00EC34EC /* audio4.m4a */; };
		1CB683B72B32E19000953F85 /* ExportBuilder.swift in Sources */ = {isa = PBXBuildFile; fileRef = 1CB683B62B32E19000953F85 /* ExportBuilder.swift */; };
		1CCB1DF22B14BD26000F59F8 /* MediaPicker.swift in Sources */ = {isa = PBXBuildFile; fileRef = 1CCB1DF12B14BD26000F59F8 /* MediaPicker.swift */; };
		1CDA26182B18ABC2006F3D71 /* audio.m4a in Resources */ = {isa = PBXBuildFile; fileRef = 1CDA26172B18ABC2006F3D71 /* audio.m4a */; };
		1CDB9FDA2B1355A80026878D /* test3.MOV in Resources */ = {isa = PBXBuildFile; fileRef = 1CDB9FD92B1355A80026878D /* test3.MOV */; };
		1CE18B142B28299E00570356 /* 8khz.m4a in Resources */ = {isa = PBXBuildFile; fileRef = 1CE18B132B28299E00570356 /* 8khz.m4a */; };
		1CE18B322B28838500570356 /* mono.m4a in Resources */ = {isa = PBXBuildFile; fileRef = 1CE18B312B28838500570356 /* mono.m4a */; };
		1CE18B342B2884C200570356 /* stereo.m4a in Resources */ = {isa = PBXBuildFile; fileRef = 1CE18B332B2884C200570356 /* stereo.m4a */; };
		1CE634892B2B2AC900971FB7 /* image2.jpg in Resources */ = {isa = PBXBuildFile; fileRef = 1CE634882B2B2AC900971FB7 /* image2.jpg */; };
/* End PBXBuildFile section */

/* Begin PBXFileReference section */
		1C0412D52B29813D00FE5CED /* mono2.m4a */ = {isa = PBXFileReference; lastKnownFileType = file; path = mono2.m4a; sourceTree = "<group>"; };
		1C0412D72B29814500FE5CED /* stereo2.m4a */ = {isa = PBXFileReference; lastKnownFileType = file; path = stereo2.m4a; sourceTree = "<group>"; };
		1C0412DB2B29BC5F00FE5CED /* image.jpeg */ = {isa = PBXFileReference; lastKnownFileType = image.jpeg; path = image.jpeg; sourceTree = "<group>"; };
		1C062FC02B0F373100BBB6C3 /* Info.plist */ = {isa = PBXFileReference; lastKnownFileType = text.plist; path = Info.plist; sourceTree = "<group>"; };
		1C1C909A2B30379100CB7622 /* Export.swift */ = {isa = PBXFileReference; lastKnownFileType = sourcecode.swift; path = Export.swift; sourceTree = "<group>"; };
		1C1C909C2B304C1D00CB7622 /* TestView.swift */ = {isa = PBXFileReference; lastKnownFileType = sourcecode.swift; path = TestView.swift; sourceTree = "<group>"; };
		1C221F9C2B0C9078007526DB /* VideoCodec.app */ = {isa = PBXFileReference; explicitFileType = wrapper.application; includeInIndex = 0; path = VideoCodec.app; sourceTree = BUILT_PRODUCTS_DIR; };
		1C221F9F2B0C9078007526DB /* VideoCodecApp.swift */ = {isa = PBXFileReference; lastKnownFileType = sourcecode.swift; path = VideoCodecApp.swift; sourceTree = "<group>"; };
		1C221FA12B0C9078007526DB /* ContentView.swift */ = {isa = PBXFileReference; lastKnownFileType = sourcecode.swift; path = ContentView.swift; sourceTree = "<group>"; };
		1C221FA32B0C9079007526DB /* Assets.xcassets */ = {isa = PBXFileReference; lastKnownFileType = folder.assetcatalog; path = Assets.xcassets; sourceTree = "<group>"; };
		1C221FA62B0C9079007526DB /* Preview Assets.xcassets */ = {isa = PBXFileReference; lastKnownFileType = folder.assetcatalog; path = "Preview Assets.xcassets"; sourceTree = "<group>"; };
		1C221FAD2B0C918E007526DB /* Codec.swift */ = {isa = PBXFileReference; lastKnownFileType = sourcecode.swift; path = Codec.swift; sourceTree = "<group>"; };
		1C233C1C2B25EC2000EDEA55 /* audio2.m4a */ = {isa = PBXFileReference; lastKnownFileType = file; path = audio2.m4a; sourceTree = "<group>"; };
		1C346ECE2B31A14800FDFCAC /* video.mp4 */ = {isa = PBXFileReference; lastKnownFileType = file; path = video.mp4; sourceTree = "<group>"; };
		1C46B7C62B345FF100447C56 /* test.MOV */ = {isa = PBXFileReference; lastKnownFileType = video.quicktime; path = test.MOV; sourceTree = "<group>"; };
		1C46B7C82B3463D000447C56 /* test2.MOV */ = {isa = PBXFileReference; lastKnownFileType = video.quicktime; path = test2.MOV; sourceTree = "<group>"; };
		1C88B6C42B26E88100EC34EC /* audio3.m4a */ = {isa = PBXFileReference; lastKnownFileType = file; path = audio3.m4a; sourceTree = "<group>"; };
		1C88B6C72B26EC3D00EC34EC /* audio4.m4a */ = {isa = PBXFileReference; lastKnownFileType = file; path = audio4.m4a; sourceTree = "<group>"; };
		1CB683B62B32E19000953F85 /* ExportBuilder.swift */ = {isa = PBXFileReference; lastKnownFileType = sourcecode.swift; path = ExportBuilder.swift; sourceTree = "<group>"; };
		1CCB1DF12B14BD26000F59F8 /* MediaPicker.swift */ = {isa = PBXFileReference; lastKnownFileType = sourcecode.swift; path = MediaPicker.swift; sourceTree = "<group>"; };
		1CDA26172B18ABC2006F3D71 /* audio.m4a */ = {isa = PBXFileReference; lastKnownFileType = file; path = audio.m4a; sourceTree = "<group>"; };
		1CDB9FD92B1355A80026878D /* test3.MOV */ = {isa = PBXFileReference; lastKnownFileType = video.quicktime; path = test3.MOV; sourceTree = "<group>"; };
		1CE18B132B28299E00570356 /* 8khz.m4a */ = {isa = PBXFileReference; lastKnownFileType = file; path = 8khz.m4a; sourceTree = "<group>"; };
		1CE18B312B28838500570356 /* mono.m4a */ = {isa = PBXFileReference; lastKnownFileType = file; path = mono.m4a; sourceTree = "<group>"; };
		1CE18B332B2884C200570356 /* stereo.m4a */ = {isa = PBXFileReference; lastKnownFileType = file; path = stereo.m4a; sourceTree = "<group>"; };
		1CE634882B2B2AC900971FB7 /* image2.jpg */ = {isa = PBXFileReference; lastKnownFileType = image.jpeg; path = image2.jpg; sourceTree = "<group>"; };
/* End PBXFileReference section */

/* Begin PBXFrameworksBuildPhase section */
		1C221F992B0C9078007526DB /* Frameworks */ = {
			isa = PBXFrameworksBuildPhase;
			buildActionMask = 2147483647;
			files = (
			);
			runOnlyForDeploymentPostprocessing = 0;
		};
/* End PBXFrameworksBuildPhase section */

/* Begin PBXGroup section */
		1C1C90992B302AA600CB7622 /* Exporter */ = {
			isa = PBXGroup;
			children = (
				1C1C909A2B30379100CB7622 /* Export.swift */,
				1CB683B62B32E19000953F85 /* ExportBuilder.swift */,
			);
			path = Exporter;
			sourceTree = "<group>";
		};
		1C221F932B0C9078007526DB = {
			isa = PBXGroup;
			children = (
				1C1C909C2B304C1D00CB7622 /* TestView.swift */,
				1C221F9E2B0C9078007526DB /* VideoCodec */,
				1C221F9D2B0C9078007526DB /* Products */,
			);
			sourceTree = "<group>";
		};
		1C221F9D2B0C9078007526DB /* Products */ = {
			isa = PBXGroup;
			children = (
				1C221F9C2B0C9078007526DB /* VideoCodec.app */,
			);
			name = Products;
			sourceTree = "<group>";
		};
		1C221F9E2B0C9078007526DB /* VideoCodec */ = {
			isa = PBXGroup;
			children = (
				1C1C90992B302AA600CB7622 /* Exporter */,
				1C062FC02B0F373100BBB6C3 /* Info.plist */,
				1C221F9F2B0C9078007526DB /* VideoCodecApp.swift */,
				1CDB9FD92B1355A80026878D /* test3.MOV */,
				1C46B7C82B3463D000447C56 /* test2.MOV */,
				1C46B7C62B345FF100447C56 /* test.MOV */,
				1C346ECE2B31A14800FDFCAC /* video.mp4 */,
				1C233C1C2B25EC2000EDEA55 /* audio2.m4a */,
				1C0412D72B29814500FE5CED /* stereo2.m4a */,
				1CE634882B2B2AC900971FB7 /* image2.jpg */,
				1C0412DB2B29BC5F00FE5CED /* image.jpeg */,
				1CE18B132B28299E00570356 /* 8khz.m4a */,
				1C88B6C72B26EC3D00EC34EC /* audio4.m4a */,
				1CE18B312B28838500570356 /* mono.m4a */,
				1CE18B332B2884C200570356 /* stereo.m4a */,
				1C0412D52B29813D00FE5CED /* mono2.m4a */,
				1CDA26172B18ABC2006F3D71 /* audio.m4a */,
				1C88B6C42B26E88100EC34EC /* audio3.m4a */,
				1CCB1DF12B14BD26000F59F8 /* MediaPicker.swift */,
				1C221FAD2B0C918E007526DB /* Codec.swift */,
				1C221FA12B0C9078007526DB /* ContentView.swift */,
				1C221FA32B0C9079007526DB /* Assets.xcassets */,
				1C221FA52B0C9079007526DB /* Preview Content */,
			);
			path = VideoCodec;
			sourceTree = "<group>";
		};
		1C221FA52B0C9079007526DB /* Preview Content */ = {
			isa = PBXGroup;
			children = (
				1C221FA62B0C9079007526DB /* Preview Assets.xcassets */,
			);
			path = "Preview Content";
			sourceTree = "<group>";
		};
/* End PBXGroup section */

/* Begin PBXNativeTarget section */
		1C221F9B2B0C9078007526DB /* VideoCodec */ = {
			isa = PBXNativeTarget;
			buildConfigurationList = 1C221FAA2B0C9079007526DB /* Build configuration list for PBXNativeTarget "VideoCodec" */;
			buildPhases = (
				1C221F982B0C9078007526DB /* Sources */,
				1C221F992B0C9078007526DB /* Frameworks */,
				1C221F9A2B0C9078007526DB /* Resources */,
			);
			buildRules = (
			);
			dependencies = (
			);
			name = VideoCodec;
			productName = VideoCodec;
			productReference = 1C221F9C2B0C9078007526DB /* VideoCodec.app */;
			productType = "com.apple.product-type.application";
		};
/* End PBXNativeTarget section */

/* Begin PBXProject section */
		1C221F942B0C9078007526DB /* Project object */ = {
			isa = PBXProject;
			attributes = {
				BuildIndependentTargetsInParallel = 1;
				LastSwiftUpdateCheck = 1430;
				LastUpgradeCheck = 1430;
				TargetAttributes = {
					1C221F9B2B0C9078007526DB = {
						CreatedOnToolsVersion = 14.3.1;
					};
				};
			};
			buildConfigurationList = 1C221F972B0C9078007526DB /* Build configuration list for PBXProject "VideoCodec" */;
			compatibilityVersion = "Xcode 14.0";
			developmentRegion = en;
			hasScannedForEncodings = 0;
			knownRegions = (
				en,
				Base,
			);
			mainGroup = 1C221F932B0C9078007526DB;
			productRefGroup = 1C221F9D2B0C9078007526DB /* Products */;
			projectDirPath = "";
			projectRoot = "";
			targets = (
				1C221F9B2B0C9078007526DB /* VideoCodec */,
			);
		};
/* End PBXProject section */

/* Begin PBXResourcesBuildPhase section */
		1C221F9A2B0C9078007526DB /* Resources */ = {
			isa = PBXResourcesBuildPhase;
			buildActionMask = 2147483647;
			files = (
				1CDA26182B18ABC2006F3D71 /* audio.m4a in Resources */,
				1CE18B322B28838500570356 /* mono.m4a in Resources */,
				1C221FA72B0C9079007526DB /* Preview Assets.xcassets in Resources */,
				1C346ECF2B31A14800FDFCAC /* video.mp4 in Resources */,
				1C0412DC2B29BC5F00FE5CED /* image.jpeg in Resources */,
				1C0412D82B29814500FE5CED /* stereo2.m4a in Resources */,
				1C233C1D2B25EC2000EDEA55 /* audio2.m4a in Resources */,
				1C46B7C92B3463D000447C56 /* test2.MOV in Resources */,
				1CE18B342B2884C200570356 /* stereo.m4a in Resources */,
				1CE634892B2B2AC900971FB7 /* image2.jpg in Resources */,
				1CDB9FDA2B1355A80026878D /* test3.MOV in Resources */,
				1C88B6C82B26EC3D00EC34EC /* audio4.m4a in Resources */,
				1C221FA42B0C9079007526DB /* Assets.xcassets in Resources */,
				1CE18B142B28299E00570356 /* 8khz.m4a in Resources */,
				1C88B6C52B26E88100EC34EC /* audio3.m4a in Resources */,
				1C46B7C72B345FF100447C56 /* test.MOV in Resources */,
				1C0412D62B29813D00FE5CED /* mono2.m4a in Resources */,
			);
			runOnlyForDeploymentPostprocessing = 0;
		};
/* End PBXResourcesBuildPhase section */

/* Begin PBXSourcesBuildPhase section */
		1C221F982B0C9078007526DB /* Sources */ = {
			isa = PBXSourcesBuildPhase;
			buildActionMask = 2147483647;
			files = (
				1CB683B72B32E19000953F85 /* ExportBuilder.swift in Sources */,
				1C1C909D2B304C1D00CB7622 /* TestView.swift in Sources */,
				1C221FA22B0C9078007526DB /* ContentView.swift in Sources */,
				1C221FA02B0C9078007526DB /* VideoCodecApp.swift in Sources */,
				1C1C909B2B30379100CB7622 /* Export.swift in Sources */,
				1CCB1DF22B14BD26000F59F8 /* MediaPicker.swift in Sources */,
				1C221FAE2B0C918E007526DB /* Codec.swift in Sources */,
			);
			runOnlyForDeploymentPostprocessing = 0;
		};
/* End PBXSourcesBuildPhase section */

/* Begin XCBuildConfiguration section */
		1C221FA82B0C9079007526DB /* Debug */ = {
			isa = XCBuildConfiguration;
			buildSettings = {
				ALWAYS_SEARCH_USER_PATHS = NO;
				CLANG_ANALYZER_NONNULL = YES;
				CLANG_ANALYZER_NUMBER_OBJECT_CONVERSION = YES_AGGRESSIVE;
				CLANG_CXX_LANGUAGE_STANDARD = "gnu++20";
				CLANG_ENABLE_MODULES = YES;
				CLANG_ENABLE_OBJC_ARC = YES;
				CLANG_ENABLE_OBJC_WEAK = YES;
				CLANG_WARN_BLOCK_CAPTURE_AUTORELEASING = YES;
				CLANG_WARN_BOOL_CONVERSION = YES;
				CLANG_WARN_COMMA = YES;
				CLANG_WARN_CONSTANT_CONVERSION = YES;
				CLANG_WARN_DEPRECATED_OBJC_IMPLEMENTATIONS = YES;
				CLANG_WARN_DIRECT_OBJC_ISA_USAGE = YES_ERROR;
				CLANG_WARN_DOCUMENTATION_COMMENTS = YES;
				CLANG_WARN_EMPTY_BODY = YES;
				CLANG_WARN_ENUM_CONVERSION = YES;
				CLANG_WARN_INFINITE_RECURSION = YES;
				CLANG_WARN_INT_CONVERSION = YES;
				CLANG_WARN_NON_LITERAL_NULL_CONVERSION = YES;
				CLANG_WARN_OBJC_IMPLICIT_RETAIN_SELF = YES;
				CLANG_WARN_OBJC_LITERAL_CONVERSION = YES;
				CLANG_WARN_OBJC_ROOT_CLASS = YES_ERROR;
				CLANG_WARN_QUOTED_INCLUDE_IN_FRAMEWORK_HEADER = YES;
				CLANG_WARN_RANGE_LOOP_ANALYSIS = YES;
				CLANG_WARN_STRICT_PROTOTYPES = YES;
				CLANG_WARN_SUSPICIOUS_MOVE = YES;
				CLANG_WARN_UNGUARDED_AVAILABILITY = YES_AGGRESSIVE;
				CLANG_WARN_UNREACHABLE_CODE = YES;
				CLANG_WARN__DUPLICATE_METHOD_MATCH = YES;
				COPY_PHASE_STRIP = NO;
				DEBUG_INFORMATION_FORMAT = dwarf;
				ENABLE_STRICT_OBJC_MSGSEND = YES;
				ENABLE_TESTABILITY = YES;
				GCC_C_LANGUAGE_STANDARD = gnu11;
				GCC_DYNAMIC_NO_PIC = NO;
				GCC_NO_COMMON_BLOCKS = YES;
				GCC_OPTIMIZATION_LEVEL = 0;
				GCC_PREPROCESSOR_DEFINITIONS = (
					"DEBUG=1",
					"$(inherited)",
				);
				GCC_WARN_64_TO_32_BIT_CONVERSION = YES;
				GCC_WARN_ABOUT_RETURN_TYPE = YES_ERROR;
				GCC_WARN_UNDECLARED_SELECTOR = YES;
				GCC_WARN_UNINITIALIZED_AUTOS = YES_AGGRESSIVE;
				GCC_WARN_UNUSED_FUNCTION = YES;
				GCC_WARN_UNUSED_VARIABLE = YES;
				IPHONEOS_DEPLOYMENT_TARGET = 16.4;
				MTL_ENABLE_DEBUG_INFO = INCLUDE_SOURCE;
				MTL_FAST_MATH = YES;
				ONLY_ACTIVE_ARCH = YES;
				SDKROOT = iphoneos;
				SWIFT_ACTIVE_COMPILATION_CONDITIONS = DEBUG;
				SWIFT_OPTIMIZATION_LEVEL = "-Onone";
			};
			name = Debug;
		};
		1C221FA92B0C9079007526DB /* Release */ = {
			isa = XCBuildConfiguration;
			buildSettings = {
				ALWAYS_SEARCH_USER_PATHS = NO;
				CLANG_ANALYZER_NONNULL = YES;
				CLANG_ANALYZER_NUMBER_OBJECT_CONVERSION = YES_AGGRESSIVE;
				CLANG_CXX_LANGUAGE_STANDARD = "gnu++20";
				CLANG_ENABLE_MODULES = YES;
				CLANG_ENABLE_OBJC_ARC = YES;
				CLANG_ENABLE_OBJC_WEAK = YES;
				CLANG_WARN_BLOCK_CAPTURE_AUTORELEASING = YES;
				CLANG_WARN_BOOL_CONVERSION = YES;
				CLANG_WARN_COMMA = YES;
				CLANG_WARN_CONSTANT_CONVERSION = YES;
				CLANG_WARN_DEPRECATED_OBJC_IMPLEMENTATIONS = YES;
				CLANG_WARN_DIRECT_OBJC_ISA_USAGE = YES_ERROR;
				CLANG_WARN_DOCUMENTATION_COMMENTS = YES;
				CLANG_WARN_EMPTY_BODY = YES;
				CLANG_WARN_ENUM_CONVERSION = YES;
				CLANG_WARN_INFINITE_RECURSION = YES;
				CLANG_WARN_INT_CONVERSION = YES;
				CLANG_WARN_NON_LITERAL_NULL_CONVERSION = YES;
				CLANG_WARN_OBJC_IMPLICIT_RETAIN_SELF = YES;
				CLANG_WARN_OBJC_LITERAL_CONVERSION = YES;
				CLANG_WARN_OBJC_ROOT_CLASS = YES_ERROR;
				CLANG_WARN_QUOTED_INCLUDE_IN_FRAMEWORK_HEADER = YES;
				CLANG_WARN_RANGE_LOOP_ANALYSIS = YES;
				CLANG_WARN_STRICT_PROTOTYPES = YES;
				CLANG_WARN_SUSPICIOUS_MOVE = YES;
				CLANG_WARN_UNGUARDED_AVAILABILITY = YES_AGGRESSIVE;
				CLANG_WARN_UNREACHABLE_CODE = YES;
				CLANG_WARN__DUPLICATE_METHOD_MATCH = YES;
				COPY_PHASE_STRIP = NO;
				DEBUG_INFORMATION_FORMAT = "dwarf-with-dsym";
				ENABLE_NS_ASSERTIONS = NO;
				ENABLE_STRICT_OBJC_MSGSEND = YES;
				GCC_C_LANGUAGE_STANDARD = gnu11;
				GCC_NO_COMMON_BLOCKS = YES;
				GCC_WARN_64_TO_32_BIT_CONVERSION = YES;
				GCC_WARN_ABOUT_RETURN_TYPE = YES_ERROR;
				GCC_WARN_UNDECLARED_SELECTOR = YES;
				GCC_WARN_UNINITIALIZED_AUTOS = YES_AGGRESSIVE;
				GCC_WARN_UNUSED_FUNCTION = YES;
				GCC_WARN_UNUSED_VARIABLE = YES;
				IPHONEOS_DEPLOYMENT_TARGET = 16.4;
				MTL_ENABLE_DEBUG_INFO = NO;
				MTL_FAST_MATH = YES;
				SDKROOT = iphoneos;
				SWIFT_COMPILATION_MODE = wholemodule;
				SWIFT_OPTIMIZATION_LEVEL = "-O";
				VALIDATE_PRODUCT = YES;
			};
			name = Release;
		};
		1C221FAB2B0C9079007526DB /* Debug */ = {
			isa = XCBuildConfiguration;
			buildSettings = {
				ASSETCATALOG_COMPILER_APPICON_NAME = AppIcon;
				ASSETCATALOG_COMPILER_GLOBAL_ACCENT_COLOR_NAME = AccentColor;
				CODE_SIGN_STYLE = Automatic;
				CURRENT_PROJECT_VERSION = 1;
				DEVELOPMENT_ASSET_PATHS = "\"VideoCodec/Preview Content\"";
				DEVELOPMENT_TEAM = 53WK73J5M9;
				ENABLE_PREVIEWS = YES;
				GENERATE_INFOPLIST_FILE = YES;
				INFOPLIST_FILE = VideoCodec/Info.plist;
				INFOPLIST_KEY_UIApplicationSceneManifest_Generation = YES;
				INFOPLIST_KEY_UIApplicationSupportsIndirectInputEvents = YES;
				INFOPLIST_KEY_UILaunchScreen_Generation = YES;
				INFOPLIST_KEY_UISupportedInterfaceOrientations_iPad = "UIInterfaceOrientationPortrait UIInterfaceOrientationPortraitUpsideDown UIInterfaceOrientationLandscapeLeft UIInterfaceOrientationLandscapeRight";
				INFOPLIST_KEY_UISupportedInterfaceOrientations_iPhone = "UIInterfaceOrientationPortrait UIInterfaceOrientationLandscapeLeft UIInterfaceOrientationLandscapeRight";
				IPHONEOS_DEPLOYMENT_TARGET = 14.6;
				LD_RUNPATH_SEARCH_PATHS = (
					"$(inherited)",
					"@executable_path/Frameworks",
				);
				MARKETING_VERSION = 1.0;
				PRODUCT_BUNDLE_IDENTIFIER = sagor.VideoCodec;
				PRODUCT_NAME = "$(TARGET_NAME)";
				SWIFT_EMIT_LOC_STRINGS = YES;
				SWIFT_VERSION = 5.0;
				TARGETED_DEVICE_FAMILY = "1,2";
			};
			name = Debug;
		};
		1C221FAC2B0C9079007526DB /* Release */ = {
			isa = XCBuildConfiguration;
			buildSettings = {
				ASSETCATALOG_COMPILER_APPICON_NAME = AppIcon;
				ASSETCATALOG_COMPILER_GLOBAL_ACCENT_COLOR_NAME = AccentColor;
				CODE_SIGN_STYLE = Automatic;
				CURRENT_PROJECT_VERSION = 1;
				DEVELOPMENT_ASSET_PATHS = "\"VideoCodec/Preview Content\"";
				DEVELOPMENT_TEAM = 53WK73J5M9;
				ENABLE_PREVIEWS = YES;
				GENERATE_INFOPLIST_FILE = YES;
				INFOPLIST_FILE = VideoCodec/Info.plist;
				INFOPLIST_KEY_UIApplicationSceneManifest_Generation = YES;
				INFOPLIST_KEY_UIApplicationSupportsIndirectInputEvents = YES;
				INFOPLIST_KEY_UILaunchScreen_Generation = YES;
				INFOPLIST_KEY_UISupportedInterfaceOrientations_iPad = "UIInterfaceOrientationPortrait UIInterfaceOrientationPortraitUpsideDown UIInterfaceOrientationLandscapeLeft UIInterfaceOrientationLandscapeRight";
				INFOPLIST_KEY_UISupportedInterfaceOrientations_iPhone = "UIInterfaceOrientationPortrait UIInterfaceOrientationLandscapeLeft UIInterfaceOrientationLandscapeRight";
				IPHONEOS_DEPLOYMENT_TARGET = 14.6;
				LD_RUNPATH_SEARCH_PATHS = (
					"$(inherited)",
					"@executable_path/Frameworks",
				);
				MARKETING_VERSION = 1.0;
				PRODUCT_BUNDLE_IDENTIFIER = sagor.VideoCodec;
				PRODUCT_NAME = "$(TARGET_NAME)";
				SWIFT_EMIT_LOC_STRINGS = YES;
				SWIFT_VERSION = 5.0;
				TARGETED_DEVICE_FAMILY = "1,2";
			};
			name = Release;
		};
/* End XCBuildConfiguration section */

/* Begin XCConfigurationList section */
		1C221F972B0C9078007526DB /* Build configuration list for PBXProject "VideoCodec" */ = {
			isa = XCConfigurationList;
			buildConfigurations = (
				1C221FA82B0C9079007526DB /* Debug */,
				1C221FA92B0C9079007526DB /* Release */,
			);
			defaultConfigurationIsVisible = 0;
			defaultConfigurationName = Release;
		};
		1C221FAA2B0C9079007526DB /* Build configuration list for PBXNativeTarget "VideoCodec" */ = {
			isa = XCConfigurationList;
			buildConfigurations = (
				1C221FAB2B0C9079007526DB /* Debug */,
				1C221FAC2B0C9079007526DB /* Release */,
			);
			defaultConfigurationIsVisible = 0;
			defaultConfigurationName = Release;
		};
/* End XCConfigurationList section */
	};
	rootObject = 1C221F942B0C9078007526DB /* Project object */;
}
